
Microsoft Visual Studio Solution File, Format Version 12.00
# Visual Studio Version 17
VisualStudioVersion = 17.5.33627.172
MinimumVisualStudioVersion = 10.0.40219.1
Project("{9A19103F-16F7-4668-BE54-9A1E7A4F7556}") = "TetrisCustomGame", "TetrisCustomGame.csproj", "{35CD83A1-715B-4056-B352-782D1AC1FFE0}"
EndProject
Global
	GlobalSection(SolutionConfigurationPlatforms) = preSolution
		Debug|Any CPU = Debug|Any CPU
		Release|Any CPU = Release|Any CPU
	EndGlobalSection
	GlobalSection(ProjectConfigurationPlatforms) = postSolution
		{35CD83A1-715B-4056-B352-782D1AC1FFE0}.Debug|Any CPU.ActiveCfg = Debug|Any CPU
		{35CD83A1-715B-4056-B352-782D1AC1FFE0}.Debug|Any CPU.Build.0 = Debug|Any CPU
		{35CD83A1-715B-4056-B352-782D1AC1FFE0}.Release|Any CPU.ActiveCfg = Release|Any CPU
		{35CD83A1-715B-4056-B352-782D1AC1FFE0}.Release|Any CPU.Build.0 = Release|Any CPU
	EndGlobalSection
	GlobalSection(SolutionProperties) = preSolution
		HideSolutionNode = FALSE
	EndGlobalSection
	GlobalSection(ExtensibilityGlobals) = postSolution
		SolutionGuid = {EEF7B610-5337-4F16-BA08-5B24239D72A6}
	EndGlobalSection
EndGlobal
